// !$*UTF8*$!
{
	archiveVersion = 1;
	classes = {
	};
	objectVersion = 50;
	objects = {

/* Begin PBXBuildFile section */
		BD1DADE52643B91300836AB8 /* Image.xcassets in Resources */ = {isa = PBXBuildFile; fileRef = BD1DADE42643B91300836AB8 /* Image.xcassets */; };
		BDAFB6C82652914C00BB5DF0 /* KeyboardItem.swift in Sources */ = {isa = PBXBuildFile; fileRef = BDAFB6C72652914C00BB5DF0 /* KeyboardItem.swift */; };
		BDB166E3263EA73A00DD1202 /* AppDelegate.swift in Sources */ = {isa = PBXBuildFile; fileRef = BDB166E2263EA73A00DD1202 /* AppDelegate.swift */; };
		BDB166E5263EA73A00DD1202 /* SceneDelegate.swift in Sources */ = {isa = PBXBuildFile; fileRef = BDB166E4263EA73A00DD1202 /* SceneDelegate.swift */; };
		BDB166E7263EA73A00DD1202 /* ViewController.swift in Sources */ = {isa = PBXBuildFile; fileRef = BDB166E6263EA73A00DD1202 /* ViewController.swift */; };
		BDB166EA263EA73A00DD1202 /* Main.storyboard in Resources */ = {isa = PBXBuildFile; fileRef = BDB166E8263EA73A00DD1202 /* Main.storyboard */; };
		BDB166EC263EA73D00DD1202 /* Assets.xcassets in Resources */ = {isa = PBXBuildFile; fileRef = BDB166EB263EA73D00DD1202 /* Assets.xcassets */; };
		BDB166EF263EA73D00DD1202 /* LaunchScreen.storyboard in Resources */ = {isa = PBXBuildFile; fileRef = BDB166ED263EA73D00DD1202 /* LaunchScreen.storyboard */; };
		BDB166FD263EA76500DD1202 /* KeyboardViewController.swift in Sources */ = {isa = PBXBuildFile; fileRef = BDB166FC263EA76500DD1202 /* KeyboardViewController.swift */; };
		BDB16701263EA76500DD1202 /* keyboardTest2.appex in Embed App Extensions */ = {isa = PBXBuildFile; fileRef = BDB166FA263EA76500DD1202 /* keyboardTest2.appex */; settings = {ATTRIBUTES = (RemoveHeadersOnCopy, ); }; };
/* End PBXBuildFile section */

/* Begin PBXContainerItemProxy section */
		BDB166FF263EA76500DD1202 /* PBXContainerItemProxy */ = {
			isa = PBXContainerItemProxy;
			containerPortal = BDB166D7263EA73A00DD1202 /* Project object */;
			proxyType = 1;
			remoteGlobalIDString = BDB166F9263EA76500DD1202;
			remoteInfo = keyboardTest2;
		};
/* End PBXContainerItemProxy section */

/* Begin PBXCopyFilesBuildPhase section */
		BDB16705263EA76500DD1202 /* Embed App Extensions */ = {
			isa = PBXCopyFilesBuildPhase;
			buildActionMask = 2147483647;
			dstPath = "";
			dstSubfolderSpec = 13;
			files = (
				BDB16701263EA76500DD1202 /* keyboardTest2.appex in Embed App Extensions */,
			);
			name = "Embed App Extensions";
			runOnlyForDeploymentPostprocessing = 0;
		};
/* End PBXCopyFilesBuildPhase section */

/* Begin PBXFileReference section */
		BD1DADE42643B91300836AB8 /* Image.xcassets */ = {isa = PBXFileReference; lastKnownFileType = folder.assetcatalog; path = Image.xcassets; sourceTree = "<group>"; };
		BDAFB6C72652914C00BB5DF0 /* KeyboardItem.swift */ = {isa = PBXFileReference; lastKnownFileType = sourcecode.swift; path = KeyboardItem.swift; sourceTree = "<group>"; };
		BDB166DF263EA73A00DD1202 /* keyboardTest.app */ = {isa = PBXFileReference; explicitFileType = wrapper.application; includeInIndex = 0; path = keyboardTest.app; sourceTree = BUILT_PRODUCTS_DIR; };
		BDB166E2263EA73A00DD1202 /* AppDelegate.swift */ = {isa = PBXFileReference; lastKnownFileType = sourcecode.swift; path = AppDelegate.swift; sourceTree = "<group>"; };
		BDB166E4263EA73A00DD1202 /* SceneDelegate.swift */ = {isa = PBXFileReference; lastKnownFileType = sourcecode.swift; path = SceneDelegate.swift; sourceTree = "<group>"; };
		BDB166E6263EA73A00DD1202 /* ViewController.swift */ = {isa = PBXFileReference; lastKnownFileType = sourcecode.swift; path = ViewController.swift; sourceTree = "<group>"; };
		BDB166E9263EA73A00DD1202 /* Base */ = {isa = PBXFileReference; lastKnownFileType = file.storyboard; name = Base; path = Base.lproj/Main.storyboard; sourceTree = "<group>"; };
		BDB166EB263EA73D00DD1202 /* Assets.xcassets */ = {isa = PBXFileReference; lastKnownFileType = folder.assetcatalog; path = Assets.xcassets; sourceTree = "<group>"; };
		BDB166EE263EA73D00DD1202 /* Base */ = {isa = PBXFileReference; lastKnownFileType = file.storyboard; name = Base; path = Base.lproj/LaunchScreen.storyboard; sourceTree = "<group>"; };
		BDB166F0263EA73D00DD1202 /* Info.plist */ = {isa = PBXFileReference; lastKnownFileType = text.plist.xml; path = Info.plist; sourceTree = "<group>"; };
		BDB166FA263EA76500DD1202 /* keyboardTest2.appex */ = {isa = PBXFileReference; explicitFileType = "wrapper.app-extension"; includeInIndex = 0; path = keyboardTest2.appex; sourceTree = BUILT_PRODUCTS_DIR; };
		BDB166FC263EA76500DD1202 /* KeyboardViewController.swift */ = {isa = PBXFileReference; lastKnownFileType = sourcecode.swift; path = KeyboardViewController.swift; sourceTree = "<group>"; };
		BDB166FE263EA76500DD1202 /* Info.plist */ = {isa = PBXFileReference; lastKnownFileType = text.plist.xml; path = Info.plist; sourceTree = "<group>"; };
/* End PBXFileReference section */

/* Begin PBXFrameworksBuildPhase section */
		BDB166DC263EA73A00DD1202 /* Frameworks */ = {
			isa = PBXFrameworksBuildPhase;
			buildActionMask = 2147483647;
			files = (
			);
			runOnlyForDeploymentPostprocessing = 0;
		};
		BDB166F7263EA76500DD1202 /* Frameworks */ = {
			isa = PBXFrameworksBuildPhase;
			buildActionMask = 2147483647;
			files = (
			);
			runOnlyForDeploymentPostprocessing = 0;
		};
/* End PBXFrameworksBuildPhase section */

/* Begin PBXGroup section */
		BDB166D6263EA73A00DD1202 = {
			isa = PBXGroup;
			children = (
				BDB166E1263EA73A00DD1202 /* keyboardTest */,
				BDB166FB263EA76500DD1202 /* keyboardTest2 */,
				BDB166E0263EA73A00DD1202 /* Products */,
			);
			sourceTree = "<group>";
		};
		BDB166E0263EA73A00DD1202 /* Products */ = {
			isa = PBXGroup;
			children = (
				BDB166DF263EA73A00DD1202 /* keyboardTest.app */,
				BDB166FA263EA76500DD1202 /* keyboardTest2.appex */,
			);
			name = Products;
			sourceTree = "<group>";
		};
		BDB166E1263EA73A00DD1202 /* keyboardTest */ = {
			isa = PBXGroup;
			children = (
				BDB166E2263EA73A00DD1202 /* AppDelegate.swift */,
				BDB166E4263EA73A00DD1202 /* SceneDelegate.swift */,
				BDB166E6263EA73A00DD1202 /* ViewController.swift */,
				BDB166E8263EA73A00DD1202 /* Main.storyboard */,
				BDB166EB263EA73D00DD1202 /* Assets.xcassets */,
				BDB166ED263EA73D00DD1202 /* LaunchScreen.storyboard */,
				BDB166F0263EA73D00DD1202 /* Info.plist */,
			);
			path = keyboardTest;
			sourceTree = "<group>";
		};
		BDB166FB263EA76500DD1202 /* keyboardTest2 */ = {
			isa = PBXGroup;
			children = (
				BD1DADE42643B91300836AB8 /* Image.xcassets */,
				BDB166FC263EA76500DD1202 /* KeyboardViewController.swift */,
				BDB166FE263EA76500DD1202 /* Info.plist */,
				BDAFB6C72652914C00BB5DF0 /* KeyboardItem.swift */,
			);
			path = keyboardTest2;
			sourceTree = "<group>";
		};
/* End PBXGroup section */

/* Begin PBXNativeTarget section */
		BDB166DE263EA73A00DD1202 /* keyboardTest */ = {
			isa = PBXNativeTarget;
			buildConfigurationList = BDB166F3263EA73D00DD1202 /* Build configuration list for PBXNativeTarget "keyboardTest" */;
			buildPhases = (
				BDB166DB263EA73A00DD1202 /* Sources */,
				BDB166DC263EA73A00DD1202 /* Frameworks */,
				BDB166DD263EA73A00DD1202 /* Resources */,
				BDB16705263EA76500DD1202 /* Embed App Extensions */,
			);
			buildRules = (
			);
			dependencies = (
				BDB16700263EA76500DD1202 /* PBXTargetDependency */,
			);
			name = keyboardTest;
			productName = keyboardTest;
			productReference = BDB166DF263EA73A00DD1202 /* keyboardTest.app */;
			productType = "com.apple.product-type.application";
		};
		BDB166F9263EA76500DD1202 /* keyboardTest2 */ = {
			isa = PBXNativeTarget;
			buildConfigurationList = BDB16702263EA76500DD1202 /* Build configuration list for PBXNativeTarget "keyboardTest2" */;
			buildPhases = (
				BDB166F6263EA76500DD1202 /* Sources */,
				BDB166F7263EA76500DD1202 /* Frameworks */,
				BDB166F8263EA76500DD1202 /* Resources */,
			);
			buildRules = (
			);
			dependencies = (
			);
			name = keyboardTest2;
			productName = keyboardTest2;
			productReference = BDB166FA263EA76500DD1202 /* keyboardTest2.appex */;
			productType = "com.apple.product-type.app-extension";
		};
/* End PBXNativeTarget section */

/* Begin PBXProject section */
		BDB166D7263EA73A00DD1202 /* Project object */ = {
			isa = PBXProject;
			attributes = {
				LastSwiftUpdateCheck = 1250;
				LastUpgradeCheck = 1250;
				TargetAttributes = {
					BDB166DE263EA73A00DD1202 = {
						CreatedOnToolsVersion = 12.5;
					};
					BDB166F9263EA76500DD1202 = {
						CreatedOnToolsVersion = 12.5;
					};
				};
			};
			buildConfigurationList = BDB166DA263EA73A00DD1202 /* Build configuration list for PBXProject "keyboardTest" */;
			compatibilityVersion = "Xcode 9.3";
			developmentRegion = en;
			hasScannedForEncodings = 0;
			knownRegions = (
				en,
				Base,
			);
			mainGroup = BDB166D6263EA73A00DD1202;
			productRefGroup = BDB166E0263EA73A00DD1202 /* Products */;
			projectDirPath = "";
			projectRoot = "";
			targets = (
				BDB166DE263EA73A00DD1202 /* keyboardTest */,
				BDB166F9263EA76500DD1202 /* keyboardTest2 */,
			);
		};
/* End PBXProject section */

/* Begin PBXResourcesBuildPhase section */
		BDB166DD263EA73A00DD1202 /* Resources */ = {
			isa = PBXResourcesBuildPhase;
			buildActionMask = 2147483647;
			files = (
				BDB166EF263EA73D00DD1202 /* LaunchScreen.storyboard in Resources */,
				BDB166EC263EA73D00DD1202 /* Assets.xcassets in Resources */,
				BDB166EA263EA73A00DD1202 /* Main.storyboard in Resources */,
			);
			runOnlyForDeploymentPostprocessing = 0;
		};
		BDB166F8263EA76500DD1202 /* Resources */ = {
			isa = PBXResourcesBuildPhase;
			buildActionMask = 2147483647;
			files = (
				BD1DADE52643B91300836AB8 /* Image.xcassets in Resources */,
			);
			runOnlyForDeploymentPostprocessing = 0;
		};
/* End PBXResourcesBuildPhase section */

/* Begin PBXSourcesBuildPhase section */
		BDB166DB263EA73A00DD1202 /* Sources */ = {
			isa = PBXSourcesBuildPhase;
			buildActionMask = 2147483647;
			files = (
				BDB166E7263EA73A00DD1202 /* ViewController.swift in Sources */,
				BDB166E3263EA73A00DD1202 /* AppDelegate.swift in Sources */,
				BDB166E5263EA73A00DD1202 /* SceneDelegate.swift in Sources */,
			);
			runOnlyForDeploymentPostprocessing = 0;
		};
		BDB166F6263EA76500DD1202 /* Sources */ = {
			isa = PBXSourcesBuildPhase;
			buildActionMask = 2147483647;
			files = (
				BDB166FD263EA76500DD1202 /* KeyboardViewController.swift in Sources */,
				BDAFB6C82652914C00BB5DF0 /* KeyboardItem.swift in Sources */,
			);
			runOnlyForDeploymentPostprocessing = 0;
		};
/* End PBXSourcesBuildPhase section */

/* Begin PBXTargetDependency section */
		BDB16700263EA76500DD1202 /* PBXTargetDependency */ = {
			isa = PBXTargetDependency;
			target = BDB166F9263EA76500DD1202 /* keyboardTest2 */;
			targetProxy = BDB166FF263EA76500DD1202 /* PBXContainerItemProxy */;
		};
/* End PBXTargetDependency section */

/* Begin PBXVariantGroup section */
		BDB166E8263EA73A00DD1202 /* Main.storyboard */ = {
			isa = PBXVariantGroup;
			children = (
				BDB166E9263EA73A00DD1202 /* Base */,
			);
			name = Main.storyboard;
			sourceTree = "<group>";
		};
		BDB166ED263EA73D00DD1202 /* LaunchScreen.storyboard */ = {
			isa = PBXVariantGroup;
			children = (
				BDB166EE263EA73D00DD1202 /* Base */,
			);
			name = LaunchScreen.storyboard;
			sourceTree = "<group>";
		};
/* End PBXVariantGroup section */

/* Begin XCBuildConfiguration section */
		BDB166F1263EA73D00DD1202 /* Debug */ = {
			isa = XCBuildConfiguration;
			buildSettings = {
				ALWAYS_SEARCH_USER_PATHS = NO;
				CLANG_ANALYZER_NONNULL = YES;
				CLANG_ANALYZER_NUMBER_OBJECT_CONVERSION = YES_AGGRESSIVE;
				CLANG_CXX_LANGUAGE_STANDARD = "gnu++14";
				CLANG_CXX_LIBRARY = "libc++";
				CLANG_ENABLE_MODULES = YES;
				CLANG_ENABLE_OBJC_ARC = YES;
				CLANG_ENABLE_OBJC_WEAK = YES;
				CLANG_WARN_BLOCK_CAPTURE_AUTORELEASING = YES;
				CLANG_WARN_BOOL_CONVERSION = YES;
				CLANG_WARN_COMMA = YES;
				CLANG_WARN_CONSTANT_CONVERSION = YES;
				CLANG_WARN_DEPRECATED_OBJC_IMPLEMENTATIONS = YES;
				CLANG_WARN_DIRECT_OBJC_ISA_USAGE = YES_ERROR;
				CLANG_WARN_DOCUMENTATION_COMMENTS = YES;
				CLANG_WARN_EMPTY_BODY = YES;
				CLANG_WARN_ENUM_CONVERSION = YES;
				CLANG_WARN_INFINITE_RECURSION = YES;
				CLANG_WARN_INT_CONVERSION = YES;
				CLANG_WARN_NON_LITERAL_NULL_CONVERSION = YES;
				CLANG_WARN_OBJC_IMPLICIT_RETAIN_SELF = YES;
				CLANG_WARN_OBJC_LITERAL_CONVERSION = YES;
				CLANG_WARN_OBJC_ROOT_CLASS = YES_ERROR;
				CLANG_WARN_QUOTED_INCLUDE_IN_FRAMEWORK_HEADER = YES;
				CLANG_WARN_RANGE_LOOP_ANALYSIS = YES;
				CLANG_WARN_STRICT_PROTOTYPES = YES;
				CLANG_WARN_SUSPICIOUS_MOVE = YES;
				CLANG_WARN_UNGUARDED_AVAILABILITY = YES_AGGRESSIVE;
				CLANG_WARN_UNREACHABLE_CODE = YES;
				CLANG_WARN__DUPLICATE_METHOD_MATCH = YES;
				COPY_PHASE_STRIP = NO;
				DEBUG_INFORMATION_FORMAT = dwarf;
				ENABLE_STRICT_OBJC_MSGSEND = YES;
				ENABLE_TESTABILITY = YES;
				GCC_C_LANGUAGE_STANDARD = gnu11;
				GCC_DYNAMIC_NO_PIC = NO;
				GCC_NO_COMMON_BLOCKS = YES;
				GCC_OPTIMIZATION_LEVEL = 0;
				GCC_PREPROCESSOR_DEFINITIONS = (
					"DEBUG=1",
					"$(inherited)",
				);
				GCC_WARN_64_TO_32_BIT_CONVERSION = YES;
				GCC_WARN_ABOUT_RETURN_TYPE = YES_ERROR;
				GCC_WARN_UNDECLARED_SELECTOR = YES;
				GCC_WARN_UNINITIALIZED_AUTOS = YES_AGGRESSIVE;
				GCC_WARN_UNUSED_FUNCTION = YES;
				GCC_WARN_UNUSED_VARIABLE = YES;
				IPHONEOS_DEPLOYMENT_TARGET = 14.5;
				MTL_ENABLE_DEBUG_INFO = INCLUDE_SOURCE;
				MTL_FAST_MATH = YES;
				ONLY_ACTIVE_ARCH = YES;
				SDKROOT = iphoneos;
				SWIFT_ACTIVE_COMPILATION_CONDITIONS = DEBUG;
				SWIFT_OPTIMIZATION_LEVEL = "-Onone";
			};
			name = Debug;
		};
		BDB166F2263EA73D00DD1202 /* Release */ = {
			isa = XCBuildConfiguration;
			buildSettings = {
				ALWAYS_SEARCH_USER_PATHS = NO;
				CLANG_ANALYZER_NONNULL = YES;
				CLANG_ANALYZER_NUMBER_OBJECT_CONVERSION = YES_AGGRESSIVE;
				CLANG_CXX_LANGUAGE_STANDARD = "gnu++14";
				CLANG_CXX_LIBRARY = "libc++";
				CLANG_ENABLE_MODULES = YES;
				CLANG_ENABLE_OBJC_ARC = YES;
				CLANG_ENABLE_OBJC_WEAK = YES;
				CLANG_WARN_BLOCK_CAPTURE_AUTORELEASING = YES;
				CLANG_WARN_BOOL_CONVERSION = YES;
				CLANG_WARN_COMMA = YES;
				CLANG_WARN_CONSTANT_CONVERSION = YES;
				CLANG_WARN_DEPRECATED_OBJC_IMPLEMENTATIONS = YES;
				CLANG_WARN_DIRECT_OBJC_ISA_USAGE = YES_ERROR;
				CLANG_WARN_DOCUMENTATION_COMMENTS = YES;
				CLANG_WARN_EMPTY_BODY = YES;
				CLANG_WARN_ENUM_CONVERSION = YES;
				CLANG_WARN_INFINITE_RECURSION = YES;
				CLANG_WARN_INT_CONVERSION = YES;
				CLANG_WARN_NON_LITERAL_NULL_CONVERSION = YES;
				CLANG_WARN_OBJC_IMPLICIT_RETAIN_SELF = YES;
				CLANG_WARN_OBJC_LITERAL_CONVERSION = YES;
				CLANG_WARN_OBJC_ROOT_CLASS = YES_ERROR;
				CLANG_WARN_QUOTED_INCLUDE_IN_FRAMEWORK_HEADER = YES;
				CLANG_WARN_RANGE_LOOP_ANALYSIS = YES;
				CLANG_WARN_STRICT_PROTOTYPES = YES;
				CLANG_WARN_SUSPICIOUS_MOVE = YES;
				CLANG_WARN_UNGUARDED_AVAILABILITY = YES_AGGRESSIVE;
				CLANG_WARN_UNREACHABLE_CODE = YES;
				CLANG_WARN__DUPLICATE_METHOD_MATCH = YES;
				COPY_PHASE_STRIP = NO;
				DEBUG_INFORMATION_FORMAT = "dwarf-with-dsym";
				ENABLE_NS_ASSERTIONS = NO;
				ENABLE_STRICT_OBJC_MSGSEND = YES;
				GCC_C_LANGUAGE_STANDARD = gnu11;
				GCC_NO_COMMON_BLOCKS = YES;
				GCC_WARN_64_TO_32_BIT_CONVERSION = YES;
				GCC_WARN_ABOUT_RETURN_TYPE = YES_ERROR;
				GCC_WARN_UNDECLARED_SELECTOR = YES;
				GCC_WARN_UNINITIALIZED_AUTOS = YES_AGGRESSIVE;
				GCC_WARN_UNUSED_FUNCTION = YES;
				GCC_WARN_UNUSED_VARIABLE = YES;
				IPHONEOS_DEPLOYMENT_TARGET = 14.5;
				MTL_ENABLE_DEBUG_INFO = NO;
				MTL_FAST_MATH = YES;
				SDKROOT = iphoneos;
				SWIFT_COMPILATION_MODE = wholemodule;
				SWIFT_OPTIMIZATION_LEVEL = "-O";
				VALIDATE_PRODUCT = YES;
			};
			name = Release;
		};
		BDB166F4263EA73D00DD1202 /* Debug */ = {
			isa = XCBuildConfiguration;
			buildSettings = {
				ALWAYS_EMBED_SWIFT_STANDARD_LIBRARIES = YES;
				ASSETCATALOG_COMPILER_APPICON_NAME = AppIcon;
				ASSETCATALOG_COMPILER_GLOBAL_ACCENT_COLOR_NAME = AccentColor;
				CODE_SIGN_STYLE = Automatic;
				DEVELOPMENT_TEAM = YT86278469;
				INFOPLIST_FILE = keyboardTest/Info.plist;
				LD_RUNPATH_SEARCH_PATHS = (
					"$(inherited)",
					"@executable_path/Frameworks",
				);
				PRODUCT_BUNDLE_IDENTIFIER = com.yourcompany.keyboardTest;
				PRODUCT_NAME = "$(TARGET_NAME)";
				SWIFT_VERSION = 5.0;
				TARGETED_DEVICE_FAMILY = "1,2";
			};
			name = Debug;
		};
		BDB166F5263EA73D00DD1202 /* Release */ = {
			isa = XCBuildConfiguration;
			buildSettings = {
				ALWAYS_EMBED_SWIFT_STANDARD_LIBRARIES = YES;
				ASSETCATALOG_COMPILER_APPICON_NAME = AppIcon;
				ASSETCATALOG_COMPILER_GLOBAL_ACCENT_COLOR_NAME = AccentColor;
				CODE_SIGN_STYLE = Automatic;
				DEVELOPMENT_TEAM = YT86278469;
				INFOPLIST_FILE = keyboardTest/Info.plist;
				LD_RUNPATH_SEARCH_PATHS = (
					"$(inherited)",
					"@executable_path/Frameworks",
				);
				PRODUCT_BUNDLE_IDENTIFIER = com.yourcompany.keyboardTest;
				PRODUCT_NAME = "$(TARGET_NAME)";
				SWIFT_VERSION = 5.0;
				TARGETED_DEVICE_FAMILY = "1,2";
			};
			name = Release;
		};
		BDB16703263EA76500DD1202 /* Debug */ = {
			isa = XCBuildConfiguration;
			buildSettings = {
				CODE_SIGN_STYLE = Automatic;
				DEVELOPMENT_TEAM = YT86278469;
				INFOPLIST_FILE = keyboardTest2/Info.plist;
				LD_RUNPATH_SEARCH_PATHS = (
					"$(inherited)",
					"@executable_path/Frameworks",
					"@executable_path/../../Frameworks",
				);
				PRODUCT_BUNDLE_IDENTIFIER = com.yourcompany.keyboardTest.keyboardTest2;
				PRODUCT_NAME = "$(TARGET_NAME)";
				SKIP_INSTALL = YES;
				SWIFT_VERSION = 5.0;
				TARGETED_DEVICE_FAMILY = "1,2";
			};
			name = Debug;
		};
		BDB16704263EA76500DD1202 /* Release */ = {
			isa = XCBuildConfiguration;
			buildSettings = {
				CODE_SIGN_STYLE = Automatic;
				DEVELOPMENT_TEAM = YT86278469;
				INFOPLIST_FILE = keyboardTest2/Info.plist;
				LD_RUNPATH_SEARCH_PATHS = (
					"$(inherited)",
					"@executable_path/Frameworks",
					"@executable_path/../../Frameworks",
				);
				PRODUCT_BUNDLE_IDENTIFIER = com.yourcompany.keyboardTest.keyboardTest2;
				PRODUCT_NAME = "$(TARGET_NAME)";
				SKIP_INSTALL = YES;
				SWIFT_VERSION = 5.0;
				TARGETED_DEVICE_FAMILY = "1,2";
			};
			name = Release;
		};
/* End XCBuildConfiguration section */

/* Begin XCConfigurationList section */
		BDB166DA263EA73A00DD1202 /* Build configuration list for PBXProject "keyboardTest" */ = {
			isa = XCConfigurationList;
			buildConfigurations = (
				BDB166F1263EA73D00DD1202 /* Debug */,
				BDB166F2263EA73D00DD1202 /* Release */,
			);
			defaultConfigurationIsVisible = 0;
			defaultConfigurationName = Release;
		};
		BDB166F3263EA73D00DD1202 /* Build configuration list for PBXNativeTarget "keyboardTest" */ = {
			isa = XCConfigurationList;
			buildConfigurations = (
				BDB166F4263EA73D00DD1202 /* Debug */,
				BDB166F5263EA73D00DD1202 /* Release */,
			);
			defaultConfigurationIsVisible = 0;
			defaultConfigurationName = Release;
		};
		BDB16702263EA76500DD1202 /* Build configuration list for PBXNativeTarget "keyboardTest2" */ = {
			isa = XCConfigurationList;
			buildConfigurations = (
				BDB16703263EA76500DD1202 /* Debug */,
				BDB16704263EA76500DD1202 /* Release */,
			);
			defaultConfigurationIsVisible = 0;
			defaultConfigurationName = Release;
		};
/* End XCConfigurationList section */
	};
	rootObject = BDB166D7263EA73A00DD1202 /* Project object */;
}
